
Microsoft Visual Studio Solution File, Format Version 12.00
Project("{FAE04EC0-301F-11D3-BF4B-00C04F79EFBC}") = "ClearPasswordFinder", "ClearPasswordFinder\ClearPasswordFinder.csproj", "{D9720E9E-5EE3-4809-B537-5CBA8D333DD9}"
EndProject
Global
	GlobalSection(SolutionConfigurationPlatforms) = preSolution
		Debug|Any CPU = Debug|Any CPU
		Release|Any CPU = Release|Any CPU
	EndGlobalSection
	GlobalSection(ProjectConfigurationPlatforms) = postSolution
		{D9720E9E-5EE3-4809-B537-5CBA8D333DD9}.Debug|Any CPU.ActiveCfg = Debug|Any CPU
		{D9720E9E-5EE3-4809-B537-5CBA8D333DD9}.Debug|Any CPU.Build.0 = Debug|Any CPU
		{D9720E9E-5EE3-4809-B537-5CBA8D333DD9}.Release|Any CPU.ActiveCfg = Release|Any CPU
		{D9720E9E-5EE3-4809-B537-5CBA8D333DD9}.Release|Any CPU.Build.0 = Release|Any CPU
	EndGlobalSection
EndGlobal
